lockfileVersion: 5.4

specifiers:
  '@pnpm/find-workspace-dir': 4.0.2
  '@pnpm/lockfile-file': 5.1.2
  '@pnpm/lockfile-utils': 4.0.7
  '@pnpm/logger': 4.0.0
  '@swc/cli': 0.1.57
  '@swc/core': 1.2.208
  '@types/fs-extra': 9.0.13
  '@types/node': 18.0.0
  bole: 4.0.0
  chalk: 4.1.2
  find-up: 5.0.0
  fs-extra: 10.1.0
  prettier: 2.7.1
  ts-node: 10.8.1
  typescript: 4.7.4

dependencies:
  '@pnpm/find-workspace-dir': 4.0.2
  '@pnpm/lockfile-file': 5.1.2_@pnpm+logger@4.0.0
  '@pnpm/lockfile-utils': 4.0.7
  '@pnpm/logger': 4.0.0
  bole: 4.0.0
  chalk: 4.1.2
  find-up: 5.0.0

devDependencies:
  '@swc/cli': 0.1.57_@swc+core@1.2.208
  '@swc/core': 1.2.208
  '@types/fs-extra': 9.0.13
  '@types/node': 18.0.0
  fs-extra: 10.1.0
  prettier: 2.7.1
  ts-node: 10.8.1_djqervrqlcvus6q5saj2noaxfm
  typescript: 4.7.4

packages:

  /@cspotcode/source-map-support/0.8.1:
    resolution: {integrity: sha512-IchNf6dN4tHoMFIn/7OE8LWZ19Y6q/67Bmf6vnGREv8RSbBVb9LPJxEcnwrcwX6ixSvaiGoomAUvu4YSxXrVgw==}
    engines: {node: '>=12'}
    dependencies:
      '@jridgewell/trace-mapping': 0.3.9
    dev: true

  /@jridgewell/resolve-uri/3.0.8:
    resolution: {integrity: sha512-YK5G9LaddzGbcucK4c8h5tWFmMPBvRZ/uyWmN1/SbBdIvqGUdWGkJ5BAaccgs6XbzVLsqbPJrBSFwKv3kT9i7w==}
    engines: {node: '>=6.0.0'}
    dev: true

  /@jridgewell/sourcemap-codec/1.4.14:
    resolution: {integrity: sha512-XPSJHWmi394fuUuzDnGz1wiKqWfo1yXecHQMRf2l6hztTO+nPru658AyDngaBe7isIxEkRsPR3FZh+s7iVa4Uw==}
    dev: true

  /@jridgewell/trace-mapping/0.3.9:
    resolution: {integrity: sha512-3Belt6tdc8bPgAtbcmdtNJlirVoTmEb5e2gC94PnkwEW9jI6CAHUeoG85tjWP5WquqfavoMtMwiG4P926ZKKuQ==}
    dependencies:
      '@jridgewell/resolve-uri': 3.0.8
      '@jridgewell/sourcemap-codec': 1.4.14
    dev: true

  /@nodelib/fs.scandir/2.1.5:
    resolution: {integrity: sha512-vq24Bq3ym5HEQm2NKCr3yXDwjc7vTsEThRDnkp2DK9p1uqLR+DHurm/NOTo0KG7HYHU7eppKZj3MyqYuMBf62g==}
    engines: {node: '>= 8'}
    dependencies:
      '@nodelib/fs.stat': 2.0.5
      run-parallel: 1.2.0
    dev: true

  /@nodelib/fs.stat/2.0.5:
    resolution: {integrity: sha512-RkhPPp2zrqDAQA/2jNhnztcPAlv64XdhIp7a7454A5ovI7Bukxgt7MX7udwAu3zg1DcpPU0rz3VV1SeaqvY4+A==}
    engines: {node: '>= 8'}
    dev: true

  /@nodelib/fs.walk/1.2.8:
    resolution: {integrity: sha512-oGB+UxlgWcgQkgwo8GcEGwemoTFt3FIO9ababBmaGwXIoBKZ+GTy0pP185beGg7Llih/NSHSV2XAs1lnznocSg==}
    engines: {node: '>= 8'}
    dependencies:
      '@nodelib/fs.scandir': 2.1.5
      fastq: 1.13.0
    dev: true

  /@pnpm/constants/6.1.0:
    resolution: {integrity: sha512-L6AiU3OXv9kjKGTJN9j8n1TeJGDcLX9atQlZvAkthlvbXjvKc5SKNWESc/eXhr5nEfuMWhQhiKHDJCpYejmeCQ==}
    engines: {node: '>=14.19'}
    dev: false

  /@pnpm/crypto.base32-hash/1.0.0:
    resolution: {integrity: sha512-TqG86VJDNrm7CiyPOyHnIwE/vssmxoZMu0w/FpHdPNmDkN4pmggGkXv802CHXjXQ9/ibTcBGkZlX0kQSEfjYFw==}
    engines: {node: '>=14.6'}
    dependencies:
      rfc4648: 1.5.2
    dev: false

  /@pnpm/error/3.0.1:
    resolution: {integrity: sha512-hMlbWbFcfcfolNfSjKjpeaZFow71kNg438LZ8rAd01swiVIYRUf/sRv8gGySru6AijYfz5UqslpIJRDbYBkgQA==}
    engines: {node: '>=14.19'}
    dependencies:
      '@pnpm/constants': 6.1.0
    dev: false

  /@pnpm/find-workspace-dir/4.0.2:
    resolution: {integrity: sha512-gU7ycFSWuEGJh7RE/STa33Ch27geODTXIfc+ntiE1BietxfpJIAk34zz51kTUuCFthBkpHlO6yV7jgHD2Tuc3g==}
    engines: {node: '>=14.6'}
    dependencies:
      '@pnpm/error': 3.0.1
      find-up: 5.0.0
    dev: false

  /@pnpm/git-utils/0.1.0:
    resolution: {integrity: sha512-W3zsG9585cKL+FqgcT+IfTgZX5C+CbNkFjOnJN+qbysT1N30+BbvEByCcDMsTy7QDrAk6oS7WU1Rym3U2xlh2Q==}
    engines: {node: '>=14.6'}
    dependencies:
      execa: /safe-execa/0.1.1
    dev: false

  /@pnpm/lockfile-file/5.1.2_@pnpm+logger@4.0.0:
    resolution: {integrity: sha512-0HzUzDBrwRdqfS8bOK7oks0FigagIGfYNDPvZuyCgXWfrrPvs9jZRpZcDUzhg4oDFP9FzZjlh9Sq+6CX06r2MA==}
    engines: {node: '>=14.6'}
    peerDependencies:
      '@pnpm/logger': ^4.0.0
    dependencies:
      '@pnpm/constants': 6.1.0
      '@pnpm/error': 3.0.1
      '@pnpm/git-utils': 0.1.0
      '@pnpm/lockfile-types': 4.2.0
      '@pnpm/logger': 4.0.0
      '@pnpm/merge-lockfile-changes': 3.0.5
      '@pnpm/types': 8.4.0
      '@zkochan/rimraf': 2.1.2
      comver-to-semver: 1.0.0
      js-yaml: /@zkochan/js-yaml/0.0.6
      normalize-path: 3.0.0
      ramda: 0.27.2
      semver: 7.3.7
      sort-keys: 4.2.0
      strip-bom: 4.0.0
      write-file-atomic: 3.0.3
    dev: false

  /@pnpm/lockfile-types/4.2.0:
    resolution: {integrity: sha512-8/t9YrC8VSJgEJv/m1UQMNPHs3Tu4Ow7shpuIDPD5sqjNw3lICB9ybbPlO+6/bkb9/D8QizbBigbVsDybWR9Hw==}
    engines: {node: '>=14.6'}
    dependencies:
      '@pnpm/types': 8.4.0
    dev: false

  /@pnpm/lockfile-utils/4.0.7:
    resolution: {integrity: sha512-xkfWn8nI+vr+T4PIFif/kP7M2yaB4skVmSE4fEpt5HV5D0SzktbsiqpUjKoS1fvopVnPCgX7QiiBvgXp0CkWPg==}
    engines: {node: '>=14.6'}
    dependencies:
      '@pnpm/lockfile-types': 4.2.0
      '@pnpm/resolver-base': 9.0.5
      '@pnpm/types': 8.4.0
      dependency-path: 9.2.1
      get-npm-tarball-url: 2.0.3
      ramda: 0.27.2
    dev: false

  /@pnpm/logger/4.0.0:
    resolution: {integrity: sha512-SIShw+k556e7S7tLZFVSIHjCdiVog1qWzcKW2RbLEHPItdisAFVNIe34kYd9fMSswTlSRLS/qRjw3ZblzWmJ9Q==}
    engines: {node: '>=12.17'}
    dependencies:
      bole: 4.0.0
      ndjson: 2.0.0
    dev: false

  /@pnpm/merge-lockfile-changes/3.0.5:
    resolution: {integrity: sha512-BnFcRImF4GDEp4w/DxjhN6Qm70AlQKvNp6Y4ZrQYnWWAUw3eTiw3+anLap2naxYRi6tdGLiQTZEQbKFp/h9L7A==}
    engines: {node: '>=14.6'}
    dependencies:
      '@pnpm/lockfile-types': 4.2.0
      comver-to-semver: 1.0.0
      ramda: 0.27.2
      semver: 7.3.7
    dev: false

  /@pnpm/resolver-base/9.0.5:
    resolution: {integrity: sha512-JOpHKRV1h8J7IqMnCeF/mHJT0YuKyMOPock0V7RutA5vPOp2o6u+U8OOhR6q0hYH99gcZQ8dPOSY9elUjwqShA==}
    engines: {node: '>=14.6'}
    dependencies:
      '@pnpm/types': 8.4.0
    dev: false

  /@pnpm/types/8.4.0:
    resolution: {integrity: sha512-sq/UdSq/jWCpYglw9SFmvR8qzUEi0p2oZIO0AHjkWWQg4Qrolf6DgD0WWmLiEP2WxHjbYeyD3ZzWzQor1+6cvw==}
    engines: {node: '>=14.6'}
    dev: false

  /@swc/cli/0.1.57_@swc+core@1.2.208:
    resolution: {integrity: sha512-HxM8TqYHhAg+zp7+RdTU69bnkl4MWdt1ygyp6BDIPjTiaJVH6Dizn2ezbgDS8mnFZI1FyhKvxU/bbaUs8XhzQg==}
    engines: {node: '>= 12.13'}
    hasBin: true
    peerDependencies:
      '@swc/core': ^1.2.66
      chokidar: ^3.5.1
    peerDependenciesMeta:
      chokidar:
        optional: true
    dependencies:
      '@swc/core': 1.2.208
      commander: 7.2.0
      fast-glob: 3.2.11
      slash: 3.0.0
      source-map: 0.7.4
    dev: true

  /@swc/core-android-arm-eabi/1.2.208:
    resolution: {integrity: sha512-Cspm5VrwblJSwvcug0yEtNGQ6qG+LsuzTxJM+VHa8raNisyObPjA8J+SuiKv3sRb85rdjC7n1wSIQW0Sz2g3Dg==}
    engines: {node: '>=10'}
    cpu: [arm]
    os: [android]
    requiresBuild: true
    dev: true
    optional: true

  /@swc/core-android-arm64/1.2.208:
    resolution: {integrity: sha512-gUQv1xSzHaaQ2/9+R8rcmVLWl7K0iM+r7Fbcs0z/BY8FzllXAEIC+AR/DyyYpEdsbUS3ZRWQmdMyC9Aj0xjRgA==}
    engines: {node: '>=10'}
    cpu: [arm64]
    os: [android]
    requiresBuild: true
    dev: true
    optional: true

  /@swc/core-darwin-arm64/1.2.208:
    resolution: {integrity: sha512-xqILWXEQMvhoC/jH7/wnXAhLqTaH1oTDP/E3DVNLRzbLgACmUIo724Y3LKmBDzATVXupOHve8nNdNicAD9Q70Q==}
    engines: {node: '>=10'}
    cpu: [arm64]
    os: [darwin]
    requiresBuild: true
    dev: true
    optional: true

  /@swc/core-darwin-x64/1.2.208:
    resolution: {integrity: sha512-o5FIXAFyeFKKCCk1o209DPRxUFUYAw1qSCN4jnY2o35iDL0gZosDrAnx71y1h4krPNUcOdcSHucwACH44+s18g==}
    engines: {node: '>=10'}
    cpu: [x64]
    os: [darwin]
    requiresBuild: true
    dev: true
    optional: true

  /@swc/core-freebsd-x64/1.2.208:
    resolution: {integrity: sha512-j0IbNUZClbQy/SoKE3Tc+iLLwKSqogdp58wGNJjTccecug9EMmeG3fMqWdNbH8sDdmf63ZjT/zfQMnEmAr0dAw==}
    engines: {node: '>=10'}
    cpu: [x64]
    os: [freebsd]
    requiresBuild: true
    dev: true
    optional: true

  /@swc/core-linux-arm-gnueabihf/1.2.208:
    resolution: {integrity: sha512-oqesiqB1lw9S50REMirVuhfLUL0Ub0TzJHMooNvPtrcwnXa0CDDdA60KfaaA8Mxiybly32TiXekW4fLxsNi04A==}
    engines: {node: '>=10'}
    cpu: [arm]
    os: [linux]
    requiresBuild: true
    dev: true
    optional: true

  /@swc/core-linux-arm64-gnu/1.2.208:
    resolution: {integrity: sha512-Es0POIkuk7ite0syUUvO/xmh7E9zEKwdK1NhGiGu1nR4LwRTbUr7x0aaC+u3djZUJvZUa+4MK0NoayUbO7V+zQ==}
    engines: {node: '>=10'}
    cpu: [arm64]
    os: [linux]
    requiresBuild: true
    dev: true
    optional: true

  /@swc/core-linux-arm64-musl/1.2.208:
    resolution: {integrity: sha512-5Mel0Hw+95tVBC5Zx9A2FU8eBfcbbjOAQ3FsrdMbOeuhQYzV9CqNNQkktoEUfjnHlHF3HPShN8PBE20+ycf4HA==}
    engines: {node: '>=10'}
    cpu: [arm64]
    os: [linux]
    requiresBuild: true
    dev: true
    optional: true

  /@swc/core-linux-x64-gnu/1.2.208:
    resolution: {integrity: sha512-j5GvAUf8hwHWKdmkF80HGSSzBzENmuWFG/OBle+0fwqO9NStUGWAoGYwBPiTlJ8aCBjbVGXlCVstHx8OHx+1pw==}
    engines: {node: '>=10'}
    cpu: [x64]
    os: [linux]
    requiresBuild: true
    dev: true
    optional: true

  /@swc/core-linux-x64-musl/1.2.208:
    resolution: {integrity: sha512-A+kGJDB3qQ1jaME7YiIH3yWOOx2Pjo8g+63TYsuaDJhA1MzQzg1KBCk5/gGEw5YFGgMqQbU0dp2emORu9UwRHw==}
    engines: {node: '>=10'}
    cpu: [x64]
    os: [linux]
    requiresBuild: true
    dev: true
    optional: true

  /@swc/core-win32-arm64-msvc/1.2.208:
    resolution: {integrity: sha512-yTUC9QIAHecyBlT7HcoISM+L4vFkP+Y6+LpW4kW1VJmJWm2EEsaFXJdaH2LF6HVbPp+dgvsWK2+EqYephfUT1Q==}
    engines: {node: '>=10'}
    cpu: [arm64]
    os: [win32]
    requiresBuild: true
    dev: true
    optional: true

  /@swc/core-win32-ia32-msvc/1.2.208:
    resolution: {integrity: sha512-A1h9ZLSCI7ixBxkvEf8Brxg5WdnBKPFsolacGnulGsqWHRez7UVtI2Q2NhgYMZdoPUIqEMVGE5d0M+MPCo5RRg==}
    engines: {node: '>=10'}
    cpu: [ia32]
    os: [win32]
    requiresBuild: true
    dev: true
    optional: true

  /@swc/core-win32-x64-msvc/1.2.208:
    resolution: {integrity: sha512-CkESi36HJSkqicrDQzgSWLOx9oTaVDrD8FnplP8PgpySUgoesyGg3uZt+2moaBTyUjxG6L4OuMTkwa0vsbiFrw==}
    engines: {node: '>=10'}
    cpu: [x64]
    os: [win32]
    requiresBuild: true
    dev: true
    optional: true

  /@swc/core/1.2.208:
    resolution: {integrity: sha512-DzGQmQsWsmVlFppH2Xtu9ispT+b0W5YaXD1sqr4694zIjRMe5suAIMXRT0BiHlLXgWTSNDMUceOM/i4YXlWEhQ==}
    engines: {node: '>=10'}
    hasBin: true
    optionalDependencies:
      '@swc/core-android-arm-eabi': 1.2.208
      '@swc/core-android-arm64': 1.2.208
      '@swc/core-darwin-arm64': 1.2.208
      '@swc/core-darwin-x64': 1.2.208
      '@swc/core-freebsd-x64': 1.2.208
      '@swc/core-linux-arm-gnueabihf': 1.2.208
      '@swc/core-linux-arm64-gnu': 1.2.208
      '@swc/core-linux-arm64-musl': 1.2.208
      '@swc/core-linux-x64-gnu': 1.2.208
      '@swc/core-linux-x64-musl': 1.2.208
      '@swc/core-win32-arm64-msvc': 1.2.208
      '@swc/core-win32-ia32-msvc': 1.2.208
      '@swc/core-win32-x64-msvc': 1.2.208
    dev: true

  /@tsconfig/node10/1.0.9:
    resolution: {integrity: sha512-jNsYVVxU8v5g43Erja32laIDHXeoNvFEpX33OK4d6hljo3jDhCBDhx5dhCCTMWUojscpAagGiRkBKxpdl9fxqA==}
    dev: true

  /@tsconfig/node12/1.0.11:
    resolution: {integrity: sha512-cqefuRsh12pWyGsIoBKJA9luFu3mRxCA+ORZvA4ktLSzIuCUtWVxGIuXigEwO5/ywWFMZ2QEGKWvkZG1zDMTag==}
    dev: true

  /@tsconfig/node14/1.0.3:
    resolution: {integrity: sha512-ysT8mhdixWK6Hw3i1V2AeRqZ5WfXg1G43mqoYlM2nc6388Fq5jcXyr5mRsqViLx/GJYdoL0bfXD8nmF+Zn/Iow==}
    dev: true

  /@tsconfig/node16/1.0.3:
    resolution: {integrity: sha512-yOlFc+7UtL/89t2ZhjPvvB/DeAr3r+Dq58IgzsFkOAvVC6NMJXmCGjbptdXdR9qsX7pKcTL+s87FtYREi2dEEQ==}
    dev: true

  /@types/fs-extra/9.0.13:
    resolution: {integrity: sha512-nEnwB++1u5lVDM2UI4c1+5R+FYaKfaAzS4OococimjVm3nQw3TuzH5UNsocrcTBbhnerblyHj4A49qXbIiZdpA==}
    dependencies:
      '@types/node': 18.0.0
    dev: true

  /@types/node/18.0.0:
    resolution: {integrity: sha512-cHlGmko4gWLVI27cGJntjs/Sj8th9aYwplmZFwmmgYQQvL5NUsgVJG7OddLvNfLqYS31KFN0s3qlaD9qCaxACA==}
    dev: true

  /@zkochan/js-yaml/0.0.6:
    resolution: {integrity: sha512-nzvgl3VfhcELQ8LyVrYOru+UtAy1nrygk2+AGbTm8a5YcO6o8lSjAT+pfg3vJWxIoZKOUhrK6UU7xW/+00kQrg==}
    hasBin: true
    dependencies:
      argparse: 2.0.1
    dev: false

  /@zkochan/rimraf/2.1.2:
    resolution: {integrity: sha512-Lc2oK51J6aQWcLWTloobJun5ZF41BbTDdLvE+aMcexoVWFoFqvZmnZoyXR2IZk6NJEVoZW8tjgtvQLfTsmRs2Q==}
    engines: {node: '>=12.10'}
    dependencies:
      rimraf: 3.0.2
    dev: false

  /@zkochan/which/2.0.3:
    resolution: {integrity: sha512-C1ReN7vt2/2O0fyTsx5xnbQuxBrmG5NMSbcIkPKCCfCTJgpZBsuRYzFXHj3nVq8vTfK7vxHUmzfCpSHgO7j4rg==}
    engines: {node: '>= 8'}
    hasBin: true
    dependencies:
      isexe: 2.0.0
    dev: false

  /acorn-walk/8.2.0:
    resolution: {integrity: sha512-k+iyHEuPgSw6SbuDpGQM+06HQUa04DZ3o+F6CSzXMvvI5KMvnaEqXe+YVe555R9nn6GPt404fos4wcgpw12SDA==}
    engines: {node: '>=0.4.0'}
    dev: true

  /acorn/8.7.1:
    resolution: {integrity: sha512-Xx54uLJQZ19lKygFXOWsscKUbsBZW0CPykPhVQdhIeIwrbPmJzqeASDInc8nKBnp/JT6igTs82qPXz069H8I/A==}
    engines: {node: '>=0.4.0'}
    hasBin: true
    dev: true

  /ansi-styles/4.3.0:
    resolution: {integrity: sha512-zbB9rCJAT1rbjiVDb2hqKFHNYLxgtk8NURxZ3IZwD3F6NtxbXZQCnnSi1Lkx+IDohdPlFp222wVALIheZJQSEg==}
    engines: {node: '>=8'}
    dependencies:
      color-convert: 2.0.1
    dev: false

  /arg/4.1.3:
    resolution: {integrity: sha512-58S9QDqG0Xx27YwPSt9fJxivjYl432YCwfDMfZ+71RAqUrZef7LrKQZ3LHLOwCS4FLNBplP533Zx895SeOCHvA==}
    dev: true

  /argparse/2.0.1:
    resolution: {integrity: sha512-8+9WqebbFzpX9OR+Wa6O29asIogeRMzcGtAINdpMHHyAg10f05aSFVBbcEqGf/PXw1EjAZ+q2/bEBg3DvurK3Q==}
    dev: false

  /balanced-match/1.0.2:
    resolution: {integrity: sha512-3oSeUO0TMV67hN1AmbXsK4yaqU7tjiHlbxRDZOpH0KW9+CeX4bRAaX0Anxt0tx2MrpRpWwQaPwIlISEJhYU5Pw==}
    dev: false

  /bole/4.0.0:
    resolution: {integrity: sha512-Bk/2qoyOSlwU1dnDFk/oPM2FCNKAlYlBHfpAgwGX+K9HUtxSvmIAQCmMWMOvE6BlHHRCwsH1MxJe/r1ieodxqQ==}
    dependencies:
      fast-safe-stringify: 2.1.1
      individual: 3.0.0
    dev: false

  /brace-expansion/1.1.11:
    resolution: {integrity: sha512-iCuPHDFgrHX7H2vEI/5xpz07zSHB00TpugqhmYtVmMO6518mCuRMoOYFldEBl0g187ufozdaHgWKcYFb61qGiA==}
    dependencies:
      balanced-match: 1.0.2
      concat-map: 0.0.1
    dev: false

  /braces/3.0.2:
    resolution: {integrity: sha512-b8um+L1RzM3WDSzvhm6gIz1yfTbBt6YTlcEKAvsmqCZZFw46z626lVj9j1yEPW33H5H+lBQpZMP1k8l+78Ha0A==}
    engines: {node: '>=8'}
    dependencies:
      fill-range: 7.0.1
    dev: true

  /chalk/4.1.2:
    resolution: {integrity: sha512-oKnbhFyRIXpUuez8iBMmyEa4nbj4IOQyuhc/wy9kY7/WVPcwIO9VA668Pu8RkO7+0G76SLROeyw9CpQ061i4mA==}
    engines: {node: '>=10'}
    dependencies:
      ansi-styles: 4.3.0
      supports-color: 7.2.0
    dev: false

  /color-convert/2.0.1:
    resolution: {integrity: sha512-RRECPsj7iu/xb5oKYcsFHSppFNnsj/52OVTRKb4zP5onXwVF3zVmmToNcOfGC+CRDpfK/U584fMg38ZHCaElKQ==}
    engines: {node: '>=7.0.0'}
    dependencies:
      color-name: 1.1.4
    dev: false

  /color-name/1.1.4:
    resolution: {integrity: sha512-dOy+3AuW3a2wNbZHIuMZpTcgjGuLU/uBL/ubcZF9OXbDo8ff4O8yVp5Bf0efS8uEoYo5q4Fx7dY9OgQGXgAsQA==}
    dev: false

  /commander/7.2.0:
    resolution: {integrity: sha512-QrWXB+ZQSVPmIWIhtEO9H+gwHaMGYiF5ChvoJ+K9ZGHG/sVsa6yiesAD1GC/x46sET00Xlwo1u49RVVVzvcSkw==}
    engines: {node: '>= 10'}
    dev: true

  /comver-to-semver/1.0.0:
    resolution: {integrity: sha512-gcGtbRxjwROQOdXLUWH1fQAXqThUVRZ219aAwgtX3KfYw429/Zv6EIJRf5TBSzWdAGwePmqH7w70WTaX4MDqag==}
    engines: {node: '>=12.17'}
    dev: false

  /concat-map/0.0.1:
    resolution: {integrity: sha1-2Klr13/Wjfd5OnMDajug1UBdR3s=}
    dev: false

  /create-require/1.1.1:
    resolution: {integrity: sha512-dcKFX3jn0MpIaXjisoRvexIJVEKzaq7z2rZKxf+MSr9TkdmHmsU4m2lcLojrj/FHl8mk5VxMmYA+ftRkP/3oKQ==}
    dev: true

  /cross-spawn/7.0.3:
    resolution: {integrity: sha512-iRDPJKUPVEND7dHPO8rkbOnPpyDygcDFtWjpeWNCgy8WP2rXcxXL8TskReQl6OrB2G7+UJrags1q15Fudc7G6w==}
    engines: {node: '>= 8'}
    dependencies:
      path-key: 3.1.1
      shebang-command: 2.0.0
      which: 2.0.2
    dev: false

  /dependency-path/9.2.1:
    resolution: {integrity: sha512-yfniQpPD0nUKH0RnRAOeqvGcQrEtsvaV5v/HX9r17Uez++WkCu6L00DPsuBeYyhDc5sLTJ9R/Kue7I08CZhgXg==}
    engines: {node: '>=14.6'}
    dependencies:
      '@pnpm/crypto.base32-hash': 1.0.0
      '@pnpm/types': 8.4.0
      encode-registry: 3.0.0
      semver: 7.3.7
    dev: false

  /diff/4.0.2:
    resolution: {integrity: sha512-58lmxKSA4BNyLz+HHMUzlOEpg09FV+ev6ZMe3vJihgdxzgcwZ8VoEEPmALCZG9LmqfVoNMMKpttIYTVG6uDY7A==}
    engines: {node: '>=0.3.1'}
    dev: true

  /encode-registry/3.0.0:
    resolution: {integrity: sha512-2fRYji8K6FwYuQ6EPBKR/J9mcqb7kIoNqt1vGvJr3NrvKfncRiNm00Oxo6gi/YJF8R5Sp2bNFSFdGKTG0rje1Q==}
    engines: {node: '>=10'}
    dependencies:
      mem: 8.1.1
    dev: false

  /execa/5.1.1:
    resolution: {integrity: sha512-8uSpZZocAZRBAPIEINJj3Lo9HyGitllczc27Eh5YYojjMFMn8yHMDMaUHE2Jqfq05D/wucwI4JGURyXt1vchyg==}
    engines: {node: '>=10'}
    dependencies:
      cross-spawn: 7.0.3
      get-stream: 6.0.1
      human-signals: 2.1.0
      is-stream: 2.0.1
      merge-stream: 2.0.0
      npm-run-path: 4.0.1
      onetime: 5.1.2
      signal-exit: 3.0.7
      strip-final-newline: 2.0.0
    dev: false

  /fast-glob/3.2.11:
    resolution: {integrity: sha512-xrO3+1bxSo3ZVHAnqzyuewYT6aMFHRAd4Kcs92MAonjwQZLsK9d0SF1IyQ3k5PoirxTW0Oe/RqFgMQ6TcNE5Ew==}
    engines: {node: '>=8.6.0'}
    dependencies:
      '@nodelib/fs.stat': 2.0.5
      '@nodelib/fs.walk': 1.2.8
      glob-parent: 5.1.2
      merge2: 1.4.1
      micromatch: 4.0.5
    dev: true

  /fast-safe-stringify/2.1.1:
    resolution: {integrity: sha512-W+KJc2dmILlPplD/H4K9l9LcAHAfPtP6BY84uVLXQ6Evcz9Lcg33Y2z1IVblT6xdY54PXYVHEv+0Wpq8Io6zkA==}
    dev: false

  /fastq/1.13.0:
    resolution: {integrity: sha512-YpkpUnK8od0o1hmeSc7UUs/eB/vIPWJYjKck2QKIzAf71Vm1AAQ3EbuZB3g2JIy+pg+ERD0vqI79KyZiB2e2Nw==}
    dependencies:
      reusify: 1.0.4
    dev: true

  /fill-range/7.0.1:
    resolution: {integrity: sha512-qOo9F+dMUmC2Lcb4BbVvnKJxTPjCm+RRpe4gDuGrzkL7mEVl/djYSu2OdQ2Pa302N4oqkSg9ir6jaLWJ2USVpQ==}
    engines: {node: '>=8'}
    dependencies:
      to-regex-range: 5.0.1
    dev: true

  /find-up/5.0.0:
    resolution: {integrity: sha512-78/PXT1wlLLDgTzDs7sjq9hzz0vXD+zn+7wypEe4fXQxCmdmqfGsEPQxmiCSQI3ajFV91bVSsvNtrJRiW6nGng==}
    engines: {node: '>=10'}
    dependencies:
      locate-path: 6.0.0
      path-exists: 4.0.0
    dev: false

  /fs-extra/10.1.0:
    resolution: {integrity: sha512-oRXApq54ETRj4eMiFzGnHWGy+zo5raudjuxN0b8H7s/RU2oW0Wvsx9O0ACRN/kRq9E8Vu/ReskGB5o3ji+FzHQ==}
    engines: {node: '>=12'}
    dependencies:
      graceful-fs: 4.2.10
      jsonfile: 6.1.0
      universalify: 2.0.0
    dev: true

  /fs.realpath/1.0.0:
    resolution: {integrity: sha512-OO0pH2lK6a0hZnAdau5ItzHPI6pUlvI7jMVnxUQRtw4owF2wk8lOSabtGDCTP4Ggrg2MbGnWO9X8K1t4+fGMDw==}
    dev: false

  /get-npm-tarball-url/2.0.3:
    resolution: {integrity: sha512-R/PW6RqyaBQNWYaSyfrh54/qtcnOp22FHCCiRhSSZj0FP3KQWCsxxt0DzIdVTbwTqe9CtQfvl/FPD4UIPt4pqw==}
    engines: {node: '>=12.17'}
    dev: false

  /get-stream/6.0.1:
    resolution: {integrity: sha512-ts6Wi+2j3jQjqi70w5AlN8DFnkSwC+MqmxEzdEALB2qXZYV3X/b1CTfgPLGJNMeAWxdPfU8FO1ms3NUfaHCPYg==}
    engines: {node: '>=10'}
    dev: false

  /glob-parent/5.1.2:
    resolution: {integrity: sha512-AOIgSQCepiJYwP3ARnGx+5VnTu2HBYdzbGP45eLw1vr3zB3vZLeyed1sC9hnbcOc9/SrMyM5RPQrkGz4aS9Zow==}
    engines: {node: '>= 6'}
    dependencies:
      is-glob: 4.0.3
    dev: true

  /glob/7.2.3:
    resolution: {integrity: sha512-nFR0zLpU2YCaRxwoCJvL6UvCH2JFyFVIvwTLsIf21AuHlMskA1hhTdk+LlYJtOlYt9v6dvszD2BGRqBL+iQK9Q==}
    dependencies:
      fs.realpath: 1.0.0
      inflight: 1.0.6
      inherits: 2.0.4
      minimatch: 3.1.2
      once: 1.4.0
      path-is-absolute: 1.0.1
    dev: false

  /graceful-fs/4.2.10:
    resolution: {integrity: sha512-9ByhssR2fPVsNZj478qUUbKfmL0+t5BDVyjShtyZZLiK7ZDAArFFfopyOTj0M05wE2tJPisA4iTnnXl2YoPvOA==}
    dev: true

  /has-flag/4.0.0:
    resolution: {integrity: sha512-EykJT/Q1KjTWctppgIAgfSO0tKVuZUjhgMr17kqTumMl6Afv3EISleU7qZUzoXDFTAHTDC4NOoG/ZxU3EvlMPQ==}
    engines: {node: '>=8'}
    dev: false

  /human-signals/2.1.0:
    resolution: {integrity: sha512-B4FFZ6q/T2jhhksgkbEW3HBvWIfDW85snkQgawt07S7J5QXTk6BkNV+0yAeZrM5QpMAdYlocGoljn0sJ/WQkFw==}
    engines: {node: '>=10.17.0'}
    dev: false

  /imurmurhash/0.1.4:
    resolution: {integrity: sha512-JmXMZ6wuvDmLiHEml9ykzqO6lwFbof0GG4IkcGaENdCRDDmMVnny7s5HsIgHCbaq0w2MyPhDqkhTUgS2LU2PHA==}
    engines: {node: '>=0.8.19'}
    dev: false

  /individual/3.0.0:
    resolution: {integrity: sha512-rUY5vtT748NMRbEMrTNiFfy29BgGZwGXUi2NFUVMWQrogSLzlJvQV9eeMWi+g1aVaQ53tpyLAQtd5x/JH0Nh1g==}
    dev: false

  /inflight/1.0.6:
    resolution: {integrity: sha512-k92I/b08q4wvFscXCLvqfsHCrjrF7yiXsQuIVvVE7N82W3+aqpzuUdBbfhWcy/FZR3/4IgflMgKLOsvPDrGCJA==}
    dependencies:
      once: 1.4.0
      wrappy: 1.0.2
    dev: false

  /inherits/2.0.4:
    resolution: {integrity: sha512-k/vGaX4/Yla3WzyMCvTQOXYeIHvqOKtnqBduzTHpzpQZzAskKMhZ2K+EnBiSM9zGSoIFeMpXKxa4dYeZIQqewQ==}
    dev: false

  /is-extglob/2.1.1:
    resolution: {integrity: sha512-SbKbANkN603Vi4jEZv49LeVJMn4yGwsbzZworEoyEiutsN3nJYdbO36zfhGJ6QEDpOZIFkDtnq5JRxmvl3jsoQ==}
    engines: {node: '>=0.10.0'}
    dev: true

  /is-glob/4.0.3:
    resolution: {integrity: sha512-xelSayHH36ZgE7ZWhli7pW34hNbNl8Ojv5KVmkJD4hBdD3th8Tfk9vYasLM+mXWOZhFkgZfxhLSnrwRr4elSSg==}
    engines: {node: '>=0.10.0'}
    dependencies:
      is-extglob: 2.1.1
    dev: true

  /is-number/7.0.0:
    resolution: {integrity: sha512-41Cifkg6e8TylSpdtTpeLVMqvSBEVzTttHvERD741+pnZ8ANv0004MRL43QKPDlK9cGvNp6NZWZUBlbGXYxxng==}
    engines: {node: '>=0.12.0'}
    dev: true

  /is-plain-obj/2.1.0:
    resolution: {integrity: sha512-YWnfyRwxL/+SsrWYfOpUtz5b3YD+nyfkHvjbcanzk8zgyO4ASD67uVMRt8k5bM4lLMDnXfriRhOpemw+NfT1eA==}
    engines: {node: '>=8'}
    dev: false

  /is-stream/2.0.1:
    resolution: {integrity: sha512-hFoiJiTl63nn+kstHGBtewWSKnQLpyb155KHheA1l39uvtO9nWIop1p3udqPcUd/xbF1VLMO4n7OI6p7RbngDg==}
    engines: {node: '>=8'}
    dev: false

  /is-typedarray/1.0.0:
    resolution: {integrity: sha512-cyA56iCMHAh5CdzjJIa4aohJyeO1YbwLi3Jc35MmRU6poroFjIGZzUzupGiRPOjgHg9TLu43xbpwXk523fMxKA==}
    dev: false

  /isexe/2.0.0:
    resolution: {integrity: sha512-RHxMLp9lnKHGHRng9QFhRCMbYAcVpn69smSGcq3f36xjgVVWThj4qqLbTLlq7Ssj8B+fIQ1EuCEGI2lKsyQeIw==}
    dev: false

  /json-stringify-safe/5.0.1:
    resolution: {integrity: sha512-ZClg6AaYvamvYEE82d3Iyd3vSSIjQ+odgjaTzRuO3s7toCdFKczob2i0zCh7JE8kWn17yvAWhUVxvqGwUalsRA==}
    dev: false

  /jsonfile/6.1.0:
    resolution: {integrity: sha512-5dgndWOriYSm5cnYaJNhalLNDKOqFwyDB/rr1E9ZsGciGvKPs8R2xYGCacuf3z6K1YKDz182fd+fY3cn3pMqXQ==}
    dependencies:
      universalify: 2.0.0
    optionalDependencies:
      graceful-fs: 4.2.10
    dev: true

  /locate-path/6.0.0:
    resolution: {integrity: sha512-iPZK6eYjbxRu3uB4/WZ3EsEIMJFMqAoopl3R+zuq0UjcAm/MO6KCweDgPfP3elTztoKP3KtnVHxTn2NHBSDVUw==}
    engines: {node: '>=10'}
    dependencies:
      p-locate: 5.0.0
    dev: false

  /lru-cache/6.0.0:
    resolution: {integrity: sha512-Jo6dJ04CmSjuznwJSS3pUeWmd/H0ffTlkXXgwZi+eq1UCmqQwCh+eLsYOYCwY991i2Fah4h1BEMCx4qThGbsiA==}
    engines: {node: '>=10'}
    dependencies:
      yallist: 4.0.0
    dev: false

  /make-error/1.3.6:
    resolution: {integrity: sha512-s8UhlNe7vPKomQhC1qFelMokr/Sc3AgNbso3n74mVPA5LTZwkB9NlXf4XPamLxJE8h0gh73rM94xvwRT2CVInw==}
    dev: true

  /map-age-cleaner/0.1.3:
    resolution: {integrity: sha512-bJzx6nMoP6PDLPBFmg7+xRKeFZvFboMrGlxmNj9ClvX53KrmvM5bXFXEWjbz4cz1AFn+jWJ9z/DJSz7hrs0w3w==}
    engines: {node: '>=6'}
    dependencies:
      p-defer: 1.0.0
    dev: false

  /mem/8.1.1:
    resolution: {integrity: sha512-qFCFUDs7U3b8mBDPyz5EToEKoAkgCzqquIgi9nkkR9bixxOVOre+09lbuH7+9Kn2NFpm56M3GUWVbU2hQgdACA==}
    engines: {node: '>=10'}
    dependencies:
      map-age-cleaner: 0.1.3
      mimic-fn: 3.1.0
    dev: false

  /merge-stream/2.0.0:
    resolution: {integrity: sha512-abv/qOcuPfk3URPfDzmZU1LKmuw8kT+0nIHvKrKgFrwifol/doWcdA4ZqsWQ8ENrFKkd67Mfpo/LovbIUsbt3w==}
    dev: false

  /merge2/1.4.1:
    resolution: {integrity: sha512-8q7VEgMJW4J8tcfVPy8g09NcQwZdbwFEqhe/WZkoIzjn/3TGDwtOCYtXGxA3O8tPzpczCCDgv+P2P5y00ZJOOg==}
    engines: {node: '>= 8'}
    dev: true

  /micromatch/4.0.5:
    resolution: {integrity: sha512-DMy+ERcEW2q8Z2Po+WNXuw3c5YaUSFjAO5GsJqfEl7UjvtIuFKO6ZrKvcItdy98dwFI2N1tg3zNIdKaQT+aNdA==}
    engines: {node: '>=8.6'}
    dependencies:
      braces: 3.0.2
      picomatch: 2.3.1
    dev: true

  /mimic-fn/2.1.0:
    resolution: {integrity: sha512-OqbOk5oEQeAZ8WXWydlu9HJjz9WVdEIvamMCcXmuqUYjTknH/sqsWvhQ3vgwKFRR1HpjvNBKQ37nbJgYzGqGcg==}
    engines: {node: '>=6'}
    dev: false

  /mimic-fn/3.1.0:
    resolution: {integrity: sha512-Ysbi9uYW9hFyfrThdDEQuykN4Ey6BuwPD2kpI5ES/nFTDn/98yxYNLZJcgUAKPT/mcrLLKaGzJR9YVxJrIdASQ==}
    engines: {node: '>=8'}
    dev: false

  /minimatch/3.1.2:
    resolution: {integrity: sha512-J7p63hRiAjw1NDEww1W7i37+ByIrOWO5XQQAzZ3VOcL0PNybwpfmV/N05zFAzwQ9USyEcX6t3UO+K5aqBQOIHw==}
    dependencies:
      brace-expansion: 1.1.11
    dev: false

  /minimist/1.2.6:
    resolution: {integrity: sha512-Jsjnk4bw3YJqYzbdyBiNsPWHPfO++UGG749Cxs6peCu5Xg4nrena6OVxOYxrQTqww0Jmwt+Ref8rggumkTLz9Q==}
    dev: false

  /ndjson/2.0.0:
    resolution: {integrity: sha512-nGl7LRGrzugTtaFcJMhLbpzJM6XdivmbkdlaGcrk/LXg2KL/YBC6z1g70xh0/al+oFuVFP8N8kiWRucmeEH/qQ==}
    engines: {node: '>=10'}
    hasBin: true
    dependencies:
      json-stringify-safe: 5.0.1
      minimist: 1.2.6
      readable-stream: 3.6.0
      split2: 3.2.2
      through2: 4.0.2
    dev: false

  /normalize-path/3.0.0:
    resolution: {integrity: sha512-6eZs5Ls3WtCisHWp9S2GUy8dqkpGi4BVSz3GaqiE6ezub0512ESztXUwUB6C6IKbQkY2Pnb/mD4WYojCRwcwLA==}
    engines: {node: '>=0.10.0'}
    dev: false

  /npm-run-path/4.0.1:
    resolution: {integrity: sha512-S48WzZW777zhNIrn7gxOlISNAqi9ZC/uQFnRdbeIHhZhCA6UqpkOT8T1G7BvfdgP4Er8gF4sUbaS0i7QvIfCWw==}
    engines: {node: '>=8'}
    dependencies:
      path-key: 3.1.1
    dev: false

  /once/1.4.0:
    resolution: {integrity: sha512-lNaJgI+2Q5URQBkccEKHTQOPaXdUxnZZElQTZY0MFUAuaEqe1E+Nyvgdz/aIyNi6Z9MzO5dv1H8n58/GELp3+w==}
    dependencies:
      wrappy: 1.0.2
    dev: false

  /onetime/5.1.2:
    resolution: {integrity: sha512-kbpaSSGJTWdAY5KPVeMOKXSrPtr8C8C7wodJbcsd51jRnmD+GZu8Y0VoU6Dm5Z4vWr0Ig/1NKuWRKf7j5aaYSg==}
    engines: {node: '>=6'}
    dependencies:
      mimic-fn: 2.1.0
    dev: false

  /p-defer/1.0.0:
    resolution: {integrity: sha512-wB3wfAxZpk2AzOfUMJNL+d36xothRSyj8EXOa4f6GMqYDN9BJaaSISbsk+wS9abmnebVw95C2Kb5t85UmpCxuw==}
    engines: {node: '>=4'}
    dev: false

  /p-limit/3.1.0:
    resolution: {integrity: sha512-TYOanM3wGwNGsZN2cVTYPArw454xnXj5qmWF1bEoAc4+cU/ol7GVh7odevjp1FNHduHc3KZMcFduxU5Xc6uJRQ==}
    engines: {node: '>=10'}
    dependencies:
      yocto-queue: 0.1.0
    dev: false

  /p-locate/5.0.0:
    resolution: {integrity: sha512-LaNjtRWUBY++zB5nE/NwcaoMylSPk+S+ZHNB1TzdbMJMny6dynpAGt7X/tl/QYq3TIeE6nxHppbo2LGymrG5Pw==}
    engines: {node: '>=10'}
    dependencies:
      p-limit: 3.1.0
    dev: false

  /path-exists/4.0.0:
    resolution: {integrity: sha512-ak9Qy5Q7jYb2Wwcey5Fpvg2KoAc/ZIhLSLOSBmRmygPsGwkVVt0fZa0qrtMz+m6tJTAHfZQ8FnmB4MG4LWy7/w==}
    engines: {node: '>=8'}
    dev: false

  /path-is-absolute/1.0.1:
    resolution: {integrity: sha512-AVbw3UJ2e9bq64vSaS9Am0fje1Pa8pbGqTTsmXfaIiMpnr5DlDhfJOuLj9Sf95ZPVDAUerDfEk88MPmPe7UCQg==}
    engines: {node: '>=0.10.0'}
    dev: false

  /path-key/3.1.1:
    resolution: {integrity: sha512-ojmeN0qd+y0jszEtoY48r0Peq5dwMEkIlCOu6Q5f41lfkswXuKtYrhgoTpLnyIcHm24Uhqx+5Tqm2InSwLhE6Q==}
    engines: {node: '>=8'}
    dev: false

  /path-name/1.0.0:
    resolution: {integrity: sha512-/dcAb5vMXH0f51yvMuSUqFpxUcA8JelbRmE5mW/p4CUJxrNgK24IkstnV7ENtg2IDGBOu6izKTG6eilbnbNKWQ==}
    dev: false

  /picomatch/2.3.1:
    resolution: {integrity: sha512-JU3teHTNjmE2VCGFzuY8EXzCDVwEqB2a8fsIvwaStHhAWJEeVd1o1QD80CU6+ZdEXXSLbSsuLwJjkCBWqRQUVA==}
    engines: {node: '>=8.6'}
    dev: true

  /prettier/2.7.1:
    resolution: {integrity: sha512-ujppO+MkdPqoVINuDFDRLClm7D78qbDt0/NR+wp5FqEZOoTNAjPHWj17QRhu7geIHJfcNhRk1XVQmF8Bp3ye+g==}
    engines: {node: '>=10.13.0'}
    hasBin: true
    dev: true

  /queue-microtask/1.2.3:
    resolution: {integrity: sha512-NuaNSa6flKT5JaSYQzJok04JzTL1CA6aGhv5rfLW3PgqA+M2ChpZQnAC8h8i4ZFkBS8X5RqkDBHA7r4hej3K9A==}
    dev: true

  /ramda/0.27.2:
    resolution: {integrity: sha512-SbiLPU40JuJniHexQSAgad32hfwd+DRUdwF2PlVuI5RZD0/vahUco7R8vD86J/tcEKKF9vZrUVwgtmGCqlCKyA==}
    dev: false

  /readable-stream/3.6.0:
    resolution: {integrity: sha512-BViHy7LKeTz4oNnkcLJ+lVSL6vpiFeX6/d3oSH8zCW7UxP2onchk+vTGB143xuFjHS3deTgkKoXXymXqymiIdA==}
    engines: {node: '>= 6'}
    dependencies:
      inherits: 2.0.4
      string_decoder: 1.3.0
      util-deprecate: 1.0.2
    dev: false

  /reusify/1.0.4:
    resolution: {integrity: sha512-U9nH88a3fc/ekCF1l0/UP1IosiuIjyTh7hBvXVMHYgVcfGvt897Xguj2UOLDeI5BG2m7/uwyaLVT6fbtCwTyzw==}
    engines: {iojs: '>=1.0.0', node: '>=0.10.0'}
    dev: true

  /rfc4648/1.5.2:
    resolution: {integrity: sha512-tLOizhR6YGovrEBLatX1sdcuhoSCXddw3mqNVAcKxGJ+J0hFeJ+SjeWCv5UPA/WU3YzWPPuCVYgXBKZUPGpKtg==}
    dev: false

  /rimraf/3.0.2:
    resolution: {integrity: sha512-JZkJMZkAGFFPP2YqXZXPbMlMBgsxzE8ILs4lMIX/2o0L9UBw9O/Y3o6wFw/i9YLapcUJWwqbi3kdxIPdC62TIA==}
    hasBin: true
    dependencies:
      glob: 7.2.3
    dev: false

  /run-parallel/1.2.0:
    resolution: {integrity: sha512-5l4VyZR86LZ/lDxZTR6jqL8AFE2S0IFLMP26AbjsLVADxHdhB/c0GUsH+y39UfCi3dzz8OlQuPmnaJOMoDHQBA==}
    dependencies:
      queue-microtask: 1.2.3
    dev: true

  /safe-buffer/5.2.1:
    resolution: {integrity: sha512-rp3So07KcdmmKbGvgaNxQSJr7bGVSVk5S9Eq1F+ppbRo70+YeaDxkw5Dd8NPN+GD6bjnYm2VuPuCXmpuYvmCXQ==}
    dev: false

  /safe-execa/0.1.1:
    resolution: {integrity: sha512-2KPID7iC4AMoJVozDPtcLGV+7LdpE0sR1hPkJUCaEnRsiYSZH2wgOFvxZ9UOtj1r8hNk8pVWn1tgmaEyyFZ4NA==}
    engines: {node: '>=12'}
    dependencies:
      '@zkochan/which': 2.0.3
      execa: 5.1.1
      path-name: 1.0.0
    dev: false

  /semver/7.3.7:
    resolution: {integrity: sha512-QlYTucUYOews+WeEujDoEGziz4K6c47V/Bd+LjSSYcA94p+DmINdf7ncaUinThfvZyu13lN9OY1XDxt8C0Tw0g==}
    engines: {node: '>=10'}
    hasBin: true
    dependencies:
      lru-cache: 6.0.0
    dev: false

  /shebang-command/2.0.0:
    resolution: {integrity: sha512-kHxr2zZpYtdmrN1qDjrrX/Z1rR1kG8Dx+gkpK1G4eXmvXswmcE1hTWBWYUzlraYw1/yZp6YuDY77YtvbN0dmDA==}
    engines: {node: '>=8'}
    dependencies:
      shebang-regex: 3.0.0
    dev: false

  /shebang-regex/3.0.0:
    resolution: {integrity: sha512-7++dFhtcx3353uBaq8DDR4NuxBetBzC7ZQOhmTQInHEd6bSrXdiEyzCvG07Z44UYdLShWUyXt5M/yhz8ekcb1A==}
    engines: {node: '>=8'}
    dev: false

  /signal-exit/3.0.7:
    resolution: {integrity: sha512-wnD2ZE+l+SPC/uoS0vXeE9L1+0wuaMqKlfz9AMUo38JsyLSBWSFcHR1Rri62LZc12vLr1gb3jl7iwQhgwpAbGQ==}
    dev: false

  /slash/3.0.0:
    resolution: {integrity: sha512-g9Q1haeby36OSStwb4ntCGGGaKsaVSjQ68fBxoQcutl5fS1vuY18H3wSt3jFyFtrkx+Kz0V1G85A4MyAdDMi2Q==}
    engines: {node: '>=8'}
    dev: true

  /sort-keys/4.2.0:
    resolution: {integrity: sha512-aUYIEU/UviqPgc8mHR6IW1EGxkAXpeRETYcrzg8cLAvUPZcpAlleSXHV2mY7G12GphSH6Gzv+4MMVSSkbdteHg==}
    engines: {node: '>=8'}
    dependencies:
      is-plain-obj: 2.1.0
    dev: false

  /source-map/0.7.4:
    resolution: {integrity: sha512-l3BikUxvPOcn5E74dZiq5BGsTb5yEwhaTSzccU6t4sDOH8NWJCstKO5QT2CvtFoK6F0saL7p9xHAqHOlCPJygA==}
    engines: {node: '>= 8'}
    dev: true

  /split2/3.2.2:
    resolution: {integrity: sha512-9NThjpgZnifTkJpzTZ7Eue85S49QwpNhZTq6GRJwObb6jnLFNGB7Qm73V5HewTROPyxD0C29xqmaI68bQtV+hg==}
    dependencies:
      readable-stream: 3.6.0
    dev: false

  /string_decoder/1.3.0:
    resolution: {integrity: sha512-hkRX8U1WjJFd8LsDJ2yQ/wWWxaopEsABU1XfkM8A+j0+85JAGppt16cr1Whg6KIbb4okU6Mql6BOj+uup/wKeA==}
    dependencies:
      safe-buffer: 5.2.1
    dev: false

  /strip-bom/4.0.0:
    resolution: {integrity: sha512-3xurFv5tEgii33Zi8Jtp55wEIILR9eh34FAW00PZf+JnSsTmV/ioewSgQl97JHvgjoRGwPShsWm+IdrxB35d0w==}
    engines: {node: '>=8'}
    dev: false

  /strip-final-newline/2.0.0:
    resolution: {integrity: sha512-BrpvfNAE3dcvq7ll3xVumzjKjZQ5tI1sEUIKr3Uoks0XUl45St3FlatVqef9prk4jRDzhW6WZg+3bk93y6pLjA==}
    engines: {node: '>=6'}
    dev: false

  /supports-color/7.2.0:
    resolution: {integrity: sha512-qpCAvRl9stuOHveKsn7HncJRvv501qIacKzQlO/+Lwxc9+0q2wLyv4Dfvt80/DPn2pqOBsJdDiogXGR9+OvwRw==}
    engines: {node: '>=8'}
    dependencies:
      has-flag: 4.0.0
    dev: false

  /through2/4.0.2:
    resolution: {integrity: sha512-iOqSav00cVxEEICeD7TjLB1sueEL+81Wpzp2bY17uZjZN0pWZPuo4suZ/61VujxmqSGFfgOcNuTZ85QJwNZQpw==}
    dependencies:
      readable-stream: 3.6.0
    dev: false

  /to-regex-range/5.0.1:
    resolution: {integrity: sha512-65P7iz6X5yEr1cwcgvQxbbIw7Uk3gOy5dIdtZ4rDveLqhrdJP+Li/Hx6tyK0NEb+2GCyneCMJiGqrADCSNk8sQ==}
    engines: {node: '>=8.0'}
    dependencies:
      is-number: 7.0.0
    dev: true

  /ts-node/10.8.1_djqervrqlcvus6q5saj2noaxfm:
    resolution: {integrity: sha512-Wwsnao4DQoJsN034wePSg5nZiw4YKXf56mPIAeD6wVmiv+RytNSWqc2f3fKvcUoV+Yn2+yocD71VOfQHbmVX4g==}
    hasBin: true
    peerDependencies:
      '@swc/core': '>=1.2.50'
      '@swc/wasm': '>=1.2.50'
      '@types/node': '*'
      typescript: '>=2.7'
    peerDependenciesMeta:
      '@swc/core':
        optional: true
      '@swc/wasm':
        optional: true
    dependencies:
      '@cspotcode/source-map-support': 0.8.1
      '@swc/core': 1.2.208
      '@tsconfig/node10': 1.0.9
      '@tsconfig/node12': 1.0.11
      '@tsconfig/node14': 1.0.3
      '@tsconfig/node16': 1.0.3
      '@types/node': 18.0.0
      acorn: 8.7.1
      acorn-walk: 8.2.0
      arg: 4.1.3
      create-require: 1.1.1
      diff: 4.0.2
      make-error: 1.3.6
      typescript: 4.7.4
      v8-compile-cache-lib: 3.0.1
      yn: 3.1.1
    dev: true

  /typedarray-to-buffer/3.1.5:
    resolution: {integrity: sha512-zdu8XMNEDepKKR+XYOXAVPtWui0ly0NtohUscw+UmaHiAWT8hrV1rr//H6V+0DvJ3OQ19S979M0laLfX8rm82Q==}
    dependencies:
      is-typedarray: 1.0.0
    dev: false

  /typescript/4.7.4:
    resolution: {integrity: sha512-C0WQT0gezHuw6AdY1M2jxUO83Rjf0HP7Sk1DtXj6j1EwkQNZrHAg2XPWlq62oqEhYvONq5pkC2Y9oPljWToLmQ==}
    engines: {node: '>=4.2.0'}
    hasBin: true
    dev: true

  /universalify/2.0.0:
    resolution: {integrity: sha512-hAZsKq7Yy11Zu1DE0OzWjw7nnLZmJZYTDZZyEFHZdUhV8FkH5MCfoU1XMaxXovpyW5nq5scPqq0ZDP9Zyl04oQ==}
    engines: {node: '>= 10.0.0'}
    dev: true

  /util-deprecate/1.0.2:
    resolution: {integrity: sha512-EPD5q1uXyFxJpCrLnCc1nHnq3gOa6DZBocAIiI2TaSCA7VCJ1UJDMagCzIkXNsUYfD1daK//LTEQ8xiIbrHtcw==}
    dev: false

  /v8-compile-cache-lib/3.0.1:
    resolution: {integrity: sha512-wa7YjyUGfNZngI/vtK0UHAN+lgDCxBPCylVXGp0zu59Fz5aiGtNXaq3DhIov063MorB+VfufLh3JlF2KdTK3xg==}
    dev: true

  /which/2.0.2:
    resolution: {integrity: sha512-BLI3Tl1TW3Pvl70l3yq3Y64i+awpwXqsGBYWkkqMtnbXgrMD+yj7rhW0kuEDxzJaYXGjEW5ogapKNMEKNMjibA==}
    engines: {node: '>= 8'}
    hasBin: true
    dependencies:
      isexe: 2.0.0
    dev: false

  /wrappy/1.0.2:
    resolution: {integrity: sha512-l4Sp/DRseor9wL6EvV2+TuQn63dMkPjZ/sp9XkghTEbV9KlPS1xUsZ3u7/IQO4wxtcFB4bgpQPRcR3QCvezPcQ==}
    dev: false

  /write-file-atomic/3.0.3:
    resolution: {integrity: sha512-AvHcyZ5JnSfq3ioSyjrBkH9yW4m7Ayk8/9My/DD9onKeu/94fwrMocemO2QAJFAlnnDN+ZDS+ZjAR5ua1/PV/Q==}
    dependencies:
      imurmurhash: 0.1.4
      is-typedarray: 1.0.0
      signal-exit: 3.0.7
      typedarray-to-buffer: 3.1.5
    dev: false

  /yallist/4.0.0:
    resolution: {integrity: sha512-3wdGidZyq5PB084XLES5TpOSRA3wjXAlIWMhum2kRcv/41Sn2emQ0dycQW4uZXLejwKvg6EsvbdlVL+FYEct7A==}
    dev: false

  /yn/3.1.1:
    resolution: {integrity: sha512-Ux4ygGWsu2c7isFWe8Yu1YluJmqVhxqK2cLXNQA5AcC3QfbGNpM7fu0Y8b/z16pXLnFxZYvWhd3fhBY9DLmC6Q==}
    engines: {node: '>=6'}
    dev: true

  /yocto-queue/0.1.0:
    resolution: {integrity: sha512-rVksvsnNCdJ/ohGc6xgPwyN8eheCxsiLM8mxuE/t/mOVqJewPuO1miLpTHQiRgTKCLexL4MeAFVagts7HmNZ2Q==}
    engines: {node: '>=10'}
    dev: false
